
Microsoft Visual Studio Solution File, Format Version 12.00
# Visual Studio Version 17
VisualStudioVersion = 17.8.34322.80
MinimumVisualStudioVersion = 10.0.40219.1
Project("{FAE04EC0-301F-11D3-BF4B-00C04F79EFBC}") = "Git", "Git\Git.csproj", "{B2CA78BF-782C-4F78-8CBA-D7E9B4737486}"
EndProject
Global
	GlobalSection(SolutionConfigurationPlatforms) = preSolution
		Debug|Any CPU = Debug|Any CPU
		Release|Any CPU = Release|Any CPU
	EndGlobalSection
	GlobalSection(ProjectConfigurationPlatforms) = postSolution
		{B2CA78BF-782C-4F78-8CBA-D7E9B4737486}.Debug|Any CPU.ActiveCfg = Debug|Any CPU
		{B2CA78BF-782C-4F78-8CBA-D7E9B4737486}.Debug|Any CPU.Build.0 = Debug|Any CPU
		{B2CA78BF-782C-4F78-8CBA-D7E9B4737486}.Release|Any CPU.ActiveCfg = Release|Any CPU
		{B2CA78BF-782C-4F78-8CBA-D7E9B4737486}.Release|Any CPU.Build.0 = Release|Any CPU
	EndGlobalSection
	GlobalSection(SolutionProperties) = preSolution
		HideSolutionNode = FALSE
	EndGlobalSection
	GlobalSection(ExtensibilityGlobals) = postSolution
		SolutionGuid = {A4075544-0517-4813-9D93-0D16CE0F19BD}
	EndGlobalSection
EndGlobal
